
Microsoft Visual Studio Solution File, Format Version 12.00
# Visual Studio for Mac
Project("{FAE04EC0-301F-11D3-BF4B-00C04F79EFBC}") = "Assembly-CSharp", "Assembly-CSharp.csproj", "{7266E9D8-237E-77EF-ADB6-674C7F8580D2}"
EndProject
Project("{FAE04EC0-301F-11D3-BF4B-00C04F79EFBC}") = "NavMeshComponents", "NavMeshComponents.csproj", "{98694F4A-F57F-1E61-DA4D-53603A8868F1}"
EndProject
Project("{FAE04EC0-301F-11D3-BF4B-00C04F79EFBC}") = "NavMeshComponentsEditor", "NavMeshComponentsEditor.csproj", "{51FB7F04-0F05-F71A-D462-AECC928FB983}"
EndProject
Project("{FAE04EC0-301F-11D3-BF4B-00C04F79EFBC}") = "Assembly-CSharp-Editor", "Assembly-CSharp-Editor.csproj", "{C61B6D13-67F5-4FB0-DA69-A597FDD1E84D}"
EndProject
Global
	GlobalSection(SolutionConfigurationPlatforms) = preSolution
		Debug|Any CPU = Debug|Any CPU
		Release|Any CPU = Release|Any CPU
	EndGlobalSection
	GlobalSection(ProjectConfigurationPlatforms) = postSolution
		{7266E9D8-237E-77EF-ADB6-674C7F8580D2}.Debug|Any CPU.ActiveCfg = Debug|Any CPU
		{7266E9D8-237E-77EF-ADB6-674C7F8580D2}.Debug|Any CPU.Build.0 = Debug|Any CPU
		{7266E9D8-237E-77EF-ADB6-674C7F8580D2}.Release|Any CPU.ActiveCfg = Release|Any CPU
		{7266E9D8-237E-77EF-ADB6-674C7F8580D2}.Release|Any CPU.Build.0 = Release|Any CPU
		{98694F4A-F57F-1E61-DA4D-53603A8868F1}.Debug|Any CPU.ActiveCfg = Debug|Any CPU
		{98694F4A-F57F-1E61-DA4D-53603A8868F1}.Debug|Any CPU.Build.0 = Debug|Any CPU
		{98694F4A-F57F-1E61-DA4D-53603A8868F1}.Release|Any CPU.ActiveCfg = Release|Any CPU
		{98694F4A-F57F-1E61-DA4D-53603A8868F1}.Release|Any CPU.Build.0 = Release|Any CPU
		{51FB7F04-0F05-F71A-D462-AECC928FB983}.Debug|Any CPU.ActiveCfg = Debug|Any CPU
		{51FB7F04-0F05-F71A-D462-AECC928FB983}.Debug|Any CPU.Build.0 = Debug|Any CPU
		{51FB7F04-0F05-F71A-D462-AECC928FB983}.Release|Any CPU.ActiveCfg = Release|Any CPU
		{51FB7F04-0F05-F71A-D462-AECC928FB983}.Release|Any CPU.Build.0 = Release|Any CPU
		{C61B6D13-67F5-4FB0-DA69-A597FDD1E84D}.Debug|Any CPU.ActiveCfg = Debug|Any CPU
		{C61B6D13-67F5-4FB0-DA69-A597FDD1E84D}.Debug|Any CPU.Build.0 = Debug|Any CPU
		{C61B6D13-67F5-4FB0-DA69-A597FDD1E84D}.Release|Any CPU.ActiveCfg = Release|Any CPU
		{C61B6D13-67F5-4FB0-DA69-A597FDD1E84D}.Release|Any CPU.Build.0 = Release|Any CPU
	EndGlobalSection
	GlobalSection(SolutionProperties) = preSolution
		HideSolutionNode = FALSE
	EndGlobalSection
EndGlobal
